{
  "requires": true,
  "lockfileVersion": 1,
  "dependencies": {
    "@angular/cdk": {
      "version": "12.0.1",
      "resolved": "https://registry.npmjs.org/@angular/cdk/-/cdk-12.0.1.tgz",
      "integrity": "sha512-fO77bM0LWZeHkg+o23ZYGaZbth5DbaGDHrHVq+ygPA+wjmSDs12w2vIXQ6KpruGdP+28tAdpvZDMfD56N7xTbg==",
      "requires": {
        "parse5": "^5.0.0",
        "tslib": "^2.1.0"
      }
    },
    "@angular/elements": {
      "version": "12.0.1",
      "resolved": "https://registry.npmjs.org/@angular/elements/-/elements-12.0.1.tgz",
      "integrity": "sha512-VyU1xS03qbdRRQ9ZTSWEjwrZfPRlAYQhDeaRWZbAsvhvTnGbdLz+z222HALxxSmMcuIXWUVCo2HveZ0hha2xOQ==",
      "requires": {
        "tslib": "^2.1.0"
      }
    },
    "jqwidgets-ng": {
      "version": "12.0.4",
      "resolved": "https://registry.npmjs.org/jqwidgets-ng/-/jqwidgets-ng-12.0.4.tgz",
      "integrity": "sha512-f5R/9d6u122sjG16VkPo2cvUrAFQsuvovZVgnsb1vEprAjT/8ndsZyZjY6rBWPFDKZsVx+3dJxd47QAKTsi51w==",
      "requires": {
        "@angular/cdk": "^11.0.0 || ^12.0.0-0",
        "@angular/elements": "^11.0.0 || ^12.0.0-0"
      }
    },
    "parse5": {
      "version": "5.1.1",
      "resolved": "https://registry.npmjs.org/parse5/-/parse5-5.1.1.tgz",
      "integrity": "sha512-ugq4DFI0Ptb+WWjAdOK16+u/nHfiIrcE+sh8kZMaM0WllQKLI9rOUq6c2b7cwPkXdzfQESqvoqK6ug7U/Yyzug==",
      "optional": true
    },
    "tslib": {
      "version": "2.2.0",
      "resolved": "https://registry.npmjs.org/tslib/-/tslib-2.2.0.tgz",
      "integrity": "sha512-gS9GVHRU+RGn5KQM2rllAlR3dU6m7AcpJKdtH8gFvQiC4Otgk98XnmMU+nZenHt/+VhnBPWwgrJsyrdcw6i23w=="
    }
  }
}
